// !$*UTF8*$!
{
	archiveVersion = 1;
	classes = {
	};
	objectVersion = 56;
	objects = {

/* Begin PBXBuildFile section */
		3116214F2BAA38B40093A19D /* NewMessageView.swift in Sources */ = {isa = PBXBuildFile; fileRef = 3116214E2BAA38B40093A19D /* NewMessageView.swift */; };
		311621532BAA417E0093A19D /* SwiftUIView.swift in Sources */ = {isa = PBXBuildFile; fileRef = 311621522BAA417E0093A19D /* SwiftUIView.swift */; };
		311621552BAA42740093A19D /* DoButtonView.swift in Sources */ = {isa = PBXBuildFile; fileRef = 311621542BAA42740093A19D /* DoButtonView.swift */; };
		31B5CBAE2BAB712A0073473F /* ArmyOfDronesView.swift in Sources */ = {isa = PBXBuildFile; fileRef = 31B5CBAD2BAB712A0073473F /* ArmyOfDronesView.swift */; };
		31E6E4C82BA8582E00389055 /* DiyaCloneApp.swift in Sources */ = {isa = PBXBuildFile; fileRef = 31E6E4C72BA8582E00389055 /* DiyaCloneApp.swift */; };
		31E6E4CA2BA8582E00389055 /* NavigationContent.swift in Sources */ = {isa = PBXBuildFile; fileRef = 31E6E4C92BA8582E00389055 /* NavigationContent.swift */; };
		31E6E4CC2BA8582F00389055 /* Assets.xcassets in Resources */ = {isa = PBXBuildFile; fileRef = 31E6E4CB2BA8582F00389055 /* Assets.xcassets */; };
		31E6E4CF2BA8582F00389055 /* Preview Assets.xcassets in Resources */ = {isa = PBXBuildFile; fileRef = 31E6E4CE2BA8582F00389055 /* Preview Assets.xcassets */; };
		31E6E4D92BA87BDD00389055 /* HomeView.swift in Sources */ = {isa = PBXBuildFile; fileRef = 31E6E4D82BA87BDD00389055 /* HomeView.swift */; };
/* End PBXBuildFile section */

/* Begin PBXFileReference section */
		3116214E2BAA38B40093A19D /* NewMessageView.swift */ = {isa = PBXFileReference; lastKnownFileType = sourcecode.swift; path = NewMessageView.swift; sourceTree = "<group>"; };
		311621522BAA417E0093A19D /* SwiftUIView.swift */ = {isa = PBXFileReference; lastKnownFileType = sourcecode.swift; path = SwiftUIView.swift; sourceTree = "<group>"; };
		311621542BAA42740093A19D /* DoButtonView.swift */ = {isa = PBXFileReference; lastKnownFileType = sourcecode.swift; path = DoButtonView.swift; sourceTree = "<group>"; };
		31B5CBAD2BAB712A0073473F /* ArmyOfDronesView.swift */ = {isa = PBXFileReference; lastKnownFileType = sourcecode.swift; path = ArmyOfDronesView.swift; sourceTree = "<group>"; };
		31E6E4C42BA8582E00389055 /* DiyaClone.app */ = {isa = PBXFileReference; explicitFileType = wrapper.application; includeInIndex = 0; path = DiyaClone.app; sourceTree = BUILT_PRODUCTS_DIR; };
		31E6E4C72BA8582E00389055 /* DiyaCloneApp.swift */ = {isa = PBXFileReference; lastKnownFileType = sourcecode.swift; path = DiyaCloneApp.swift; sourceTree = "<group>"; };
		31E6E4C92BA8582E00389055 /* NavigationContent.swift */ = {isa = PBXFileReference; lastKnownFileType = sourcecode.swift; path = NavigationContent.swift; sourceTree = "<group>"; };
		31E6E4CB2BA8582F00389055 /* Assets.xcassets */ = {isa = PBXFileReference; lastKnownFileType = folder.assetcatalog; path = Assets.xcassets; sourceTree = "<group>"; };
		31E6E4CE2BA8582F00389055 /* Preview Assets.xcassets */ = {isa = PBXFileReference; lastKnownFileType = folder.assetcatalog; path = "Preview Assets.xcassets"; sourceTree = "<group>"; };
		31E6E4D82BA87BDD00389055 /* HomeView.swift */ = {isa = PBXFileReference; lastKnownFileType = sourcecode.swift; path = HomeView.swift; sourceTree = "<group>"; };
/* End PBXFileReference section */

/* Begin PBXFrameworksBuildPhase section */
		31E6E4C12BA8582E00389055 /* Frameworks */ = {
			isa = PBXFrameworksBuildPhase;
			buildActionMask = 2147483647;
			files = (
			);
			runOnlyForDeploymentPostprocessing = 0;
		};
/* End PBXFrameworksBuildPhase section */

/* Begin PBXGroup section */
		31E6E4BB2BA8582E00389055 = {
			isa = PBXGroup;
			children = (
				31E6E4C62BA8582E00389055 /* DiyaClone */,
				31E6E4C52BA8582E00389055 /* Products */,
			);
			sourceTree = "<group>";
		};
		31E6E4C52BA8582E00389055 /* Products */ = {
			isa = PBXGroup;
			children = (
				31E6E4C42BA8582E00389055 /* DiyaClone.app */,
			);
			name = Products;
			sourceTree = "<group>";
		};
		31E6E4C62BA8582E00389055 /* DiyaClone */ = {
			isa = PBXGroup;
			children = (
				31E6E4C72BA8582E00389055 /* DiyaCloneApp.swift */,
				31E6E4D62BA8588800389055 /* Model */,
				31E6E4D72BA8588B00389055 /* ViewModel */,
				31E6E4D52BA8588200389055 /* View */,
				31E6E4CB2BA8582F00389055 /* Assets.xcassets */,
				31E6E4CD2BA8582F00389055 /* Preview Content */,
			);
			path = DiyaClone;
			sourceTree = "<group>";
		};
		31E6E4CD2BA8582F00389055 /* Preview Content */ = {
			isa = PBXGroup;
			children = (
				31E6E4CE2BA8582F00389055 /* Preview Assets.xcassets */,
			);
			path = "Preview Content";
			sourceTree = "<group>";
		};
		31E6E4D52BA8588200389055 /* View */ = {
			isa = PBXGroup;
			children = (
				31E6E4C92BA8582E00389055 /* NavigationContent.swift */,
				31E6E4D82BA87BDD00389055 /* HomeView.swift */,
				3116214E2BAA38B40093A19D /* NewMessageView.swift */,
				311621522BAA417E0093A19D /* SwiftUIView.swift */,
				311621542BAA42740093A19D /* DoButtonView.swift */,
				31B5CBAD2BAB712A0073473F /* ArmyOfDronesView.swift */,
			);
			path = View;
			sourceTree = "<group>";
		};
		31E6E4D62BA8588800389055 /* Model */ = {
			isa = PBXGroup;
			children = (
			);
			path = Model;
			sourceTree = "<group>";
		};
		31E6E4D72BA8588B00389055 /* ViewModel */ = {
			isa = PBXGroup;
			children = (
			);
			path = ViewModel;
			sourceTree = "<group>";
		};
/* End PBXGroup section */

/* Begin PBXNativeTarget section */
		31E6E4C32BA8582E00389055 /* DiyaClone */ = {
			isa = PBXNativeTarget;
			buildConfigurationList = 31E6E4D22BA8582F00389055 /* Build configuration list for PBXNativeTarget "DiyaClone" */;
			buildPhases = (
				31E6E4C02BA8582E00389055 /* Sources */,
				31E6E4C12BA8582E00389055 /* Frameworks */,
				31E6E4C22BA8582E00389055 /* Resources */,
			);
			buildRules = (
			);
			dependencies = (
			);
			name = DiyaClone;
			productName = DiyaClone;
			productReference = 31E6E4C42BA8582E00389055 /* DiyaClone.app */;
			productType = "com.apple.product-type.application";
		};
/* End PBXNativeTarget section */

/* Begin PBXProject section */
		31E6E4BC2BA8582E00389055 /* Project object */ = {
			isa = PBXProject;
			attributes = {
				BuildIndependentTargetsInParallel = 1;
				LastSwiftUpdateCheck = 1520;
				LastUpgradeCheck = 1520;
				TargetAttributes = {
					31E6E4C32BA8582E00389055 = {
						CreatedOnToolsVersion = 15.2;
					};
				};
			};
			buildConfigurationList = 31E6E4BF2BA8582E00389055 /* Build configuration list for PBXProject "DiyaClone" */;
			compatibilityVersion = "Xcode 14.0";
			developmentRegion = en;
			hasScannedForEncodings = 0;
			knownRegions = (
				en,
				Base,
			);
			mainGroup = 31E6E4BB2BA8582E00389055;
			productRefGroup = 31E6E4C52BA8582E00389055 /* Products */;
			projectDirPath = "";
			projectRoot = "";
			targets = (
				31E6E4C32BA8582E00389055 /* DiyaClone */,
			);
		};
/* End PBXProject section */

/* Begin PBXResourcesBuildPhase section */
		31E6E4C22BA8582E00389055 /* Resources */ = {
			isa = PBXResourcesBuildPhase;
			buildActionMask = 2147483647;
			files = (
				31E6E4CF2BA8582F00389055 /* Preview Assets.xcassets in Resources */,
				31E6E4CC2BA8582F00389055 /* Assets.xcassets in Resources */,
			);
			runOnlyForDeploymentPostprocessing = 0;
		};
/* End PBXResourcesBuildPhase section */

/* Begin PBXSourcesBuildPhase section */
		31E6E4C02BA8582E00389055 /* Sources */ = {
			isa = PBXSourcesBuildPhase;
			buildActionMask = 2147483647;
			files = (
				31E6E4D92BA87BDD00389055 /* HomeView.swift in Sources */,
				311621552BAA42740093A19D /* DoButtonView.swift in Sources */,
				31B5CBAE2BAB712A0073473F /* ArmyOfDronesView.swift in Sources */,
				3116214F2BAA38B40093A19D /* NewMessageView.swift in Sources */,
				31E6E4CA2BA8582E00389055 /* NavigationContent.swift in Sources */,
				31E6E4C82BA8582E00389055 /* DiyaCloneApp.swift in Sources */,
				311621532BAA417E0093A19D /* SwiftUIView.swift in Sources */,
			);
			runOnlyForDeploymentPostprocessing = 0;
		};
/* End PBXSourcesBuildPhase section */

/* Begin XCBuildConfiguration section */
		31E6E4D02BA8582F00389055 /* Debug */ = {
			isa = XCBuildConfiguration;
			buildSettings = {
				ALWAYS_SEARCH_USER_PATHS = NO;
				ASSETCATALOG_COMPILER_GENERATE_SWIFT_ASSET_SYMBOL_EXTENSIONS = YES;
				CLANG_ANALYZER_NONNULL = YES;
				CLANG_ANALYZER_NUMBER_OBJECT_CONVERSION = YES_AGGRESSIVE;
				CLANG_CXX_LANGUAGE_STANDARD = "gnu++20";
				CLANG_ENABLE_MODULES = YES;
				CLANG_ENABLE_OBJC_ARC = YES;
				CLANG_ENABLE_OBJC_WEAK = YES;
				CLANG_WARN_BLOCK_CAPTURE_AUTORELEASING = YES;
				CLANG_WARN_BOOL_CONVERSION = YES;
				CLANG_WARN_COMMA = YES;
				CLANG_WARN_CONSTANT_CONVERSION = YES;
				CLANG_WARN_DEPRECATED_OBJC_IMPLEMENTATIONS = YES;
				CLANG_WARN_DIRECT_OBJC_ISA_USAGE = YES_ERROR;
				CLANG_WARN_DOCUMENTATION_COMMENTS = YES;
				CLANG_WARN_EMPTY_BODY = YES;
				CLANG_WARN_ENUM_CONVERSION = YES;
				CLANG_WARN_INFINITE_RECURSION = YES;
				CLANG_WARN_INT_CONVERSION = YES;
				CLANG_WARN_NON_LITERAL_NULL_CONVERSION = YES;
				CLANG_WARN_OBJC_IMPLICIT_RETAIN_SELF = YES;
				CLANG_WARN_OBJC_LITERAL_CONVERSION = YES;
				CLANG_WARN_OBJC_ROOT_CLASS = YES_ERROR;
				CLANG_WARN_QUOTED_INCLUDE_IN_FRAMEWORK_HEADER = YES;
				CLANG_WARN_RANGE_LOOP_ANALYSIS = YES;
				CLANG_WARN_STRICT_PROTOTYPES = YES;
				CLANG_WARN_SUSPICIOUS_MOVE = YES;
				CLANG_WARN_UNGUARDED_AVAILABILITY = YES_AGGRESSIVE;
				CLANG_WARN_UNREACHABLE_CODE = YES;
				CLANG_WARN__DUPLICATE_METHOD_MATCH = YES;
				COPY_PHASE_STRIP = NO;
				DEBUG_INFORMATION_FORMAT = dwarf;
				ENABLE_STRICT_OBJC_MSGSEND = YES;
				ENABLE_TESTABILITY = YES;
				ENABLE_USER_SCRIPT_SANDBOXING = YES;
				GCC_C_LANGUAGE_STANDARD = gnu17;
				GCC_DYNAMIC_NO_PIC = NO;
				GCC_NO_COMMON_BLOCKS = YES;
				GCC_OPTIMIZATION_LEVEL = 0;
				GCC_PREPROCESSOR_DEFINITIONS = (
					"DEBUG=1",
					"$(inherited)",
				);
				GCC_WARN_64_TO_32_BIT_CONVERSION = YES;
				GCC_WARN_ABOUT_RETURN_TYPE = YES_ERROR;
				GCC_WARN_UNDECLARED_SELECTOR = YES;
				GCC_WARN_UNINITIALIZED_AUTOS = YES_AGGRESSIVE;
				GCC_WARN_UNUSED_FUNCTION = YES;
				GCC_WARN_UNUSED_VARIABLE = YES;
				IPHONEOS_DEPLOYMENT_TARGET = 17.2;
				LOCALIZATION_PREFERS_STRING_CATALOGS = YES;
				MTL_ENABLE_DEBUG_INFO = INCLUDE_SOURCE;
				MTL_FAST_MATH = YES;
				ONLY_ACTIVE_ARCH = YES;
				SDKROOT = iphoneos;
				SWIFT_ACTIVE_COMPILATION_CONDITIONS = "DEBUG $(inherited)";
				SWIFT_OPTIMIZATION_LEVEL = "-Onone";
			};
			name = Debug;
		};
		31E6E4D12BA8582F00389055 /* Release */ = {
			isa = XCBuildConfiguration;
			buildSettings = {
				ALWAYS_SEARCH_USER_PATHS = NO;
				ASSETCATALOG_COMPILER_GENERATE_SWIFT_ASSET_SYMBOL_EXTENSIONS = YES;
				CLANG_ANALYZER_NONNULL = YES;
				CLANG_ANALYZER_NUMBER_OBJECT_CONVERSION = YES_AGGRESSIVE;
				CLANG_CXX_LANGUAGE_STANDARD = "gnu++20";
				CLANG_ENABLE_MODULES = YES;
				CLANG_ENABLE_OBJC_ARC = YES;
				CLANG_ENABLE_OBJC_WEAK = YES;
				CLANG_WARN_BLOCK_CAPTURE_AUTORELEASING = YES;
				CLANG_WARN_BOOL_CONVERSION = YES;
				CLANG_WARN_COMMA = YES;
				CLANG_WARN_CONSTANT_CONVERSION = YES;
				CLANG_WARN_DEPRECATED_OBJC_IMPLEMENTATIONS = YES;
				CLANG_WARN_DIRECT_OBJC_ISA_USAGE = YES_ERROR;
				CLANG_WARN_DOCUMENTATION_COMMENTS = YES;
				CLANG_WARN_EMPTY_BODY = YES;
				CLANG_WARN_ENUM_CONVERSION = YES;
				CLANG_WARN_INFINITE_RECURSION = YES;
				CLANG_WARN_INT_CONVERSION = YES;
				CLANG_WARN_NON_LITERAL_NULL_CONVERSION = YES;
				CLANG_WARN_OBJC_IMPLICIT_RETAIN_SELF = YES;
				CLANG_WARN_OBJC_LITERAL_CONVERSION = YES;
				CLANG_WARN_OBJC_ROOT_CLASS = YES_ERROR;
				CLANG_WARN_QUOTED_INCLUDE_IN_FRAMEWORK_HEADER = YES;
				CLANG_WARN_RANGE_LOOP_ANALYSIS = YES;
				CLANG_WARN_STRICT_PROTOTYPES = YES;
				CLANG_WARN_SUSPICIOUS_MOVE = YES;
				CLANG_WARN_UNGUARDED_AVAILABILITY = YES_AGGRESSIVE;
				CLANG_WARN_UNREACHABLE_CODE = YES;
				CLANG_WARN__DUPLICATE_METHOD_MATCH = YES;
				COPY_PHASE_STRIP = NO;
				DEBUG_INFORMATION_FORMAT = "dwarf-with-dsym";
				ENABLE_NS_ASSERTIONS = NO;
				ENABLE_STRICT_OBJC_MSGSEND = YES;
				ENABLE_USER_SCRIPT_SANDBOXING = YES;
				GCC_C_LANGUAGE_STANDARD = gnu17;
				GCC_NO_COMMON_BLOCKS = YES;
				GCC_WARN_64_TO_32_BIT_CONVERSION = YES;
				GCC_WARN_ABOUT_RETURN_TYPE = YES_ERROR;
				GCC_WARN_UNDECLARED_SELECTOR = YES;
				GCC_WARN_UNINITIALIZED_AUTOS = YES_AGGRESSIVE;
				GCC_WARN_UNUSED_FUNCTION = YES;
				GCC_WARN_UNUSED_VARIABLE = YES;
				IPHONEOS_DEPLOYMENT_TARGET = 17.2;
				LOCALIZATION_PREFERS_STRING_CATALOGS = YES;
				MTL_ENABLE_DEBUG_INFO = NO;
				MTL_FAST_MATH = YES;
				SDKROOT = iphoneos;
				SWIFT_COMPILATION_MODE = wholemodule;
				VALIDATE_PRODUCT = YES;
			};
			name = Release;
		};
		31E6E4D32BA8582F00389055 /* Debug */ = {
			isa = XCBuildConfiguration;
			buildSettings = {
				ASSETCATALOG_COMPILER_APPICON_NAME = AppIcon;
				ASSETCATALOG_COMPILER_GLOBAL_ACCENT_COLOR_NAME = AccentColor;
				CODE_SIGN_STYLE = Automatic;
				CURRENT_PROJECT_VERSION = 1;
				DEVELOPMENT_ASSET_PATHS = "\"DiyaClone/Preview Content\"";
				DEVELOPMENT_TEAM = H9TD9ZY99U;
				ENABLE_PREVIEWS = YES;
				GENERATE_INFOPLIST_FILE = YES;
				INFOPLIST_KEY_UIApplicationSceneManifest_Generation = YES;
				INFOPLIST_KEY_UIApplicationSupportsIndirectInputEvents = YES;
				INFOPLIST_KEY_UILaunchScreen_Generation = YES;
				INFOPLIST_KEY_UISupportedInterfaceOrientations_iPad = "UIInterfaceOrientationPortrait UIInterfaceOrientationPortraitUpsideDown UIInterfaceOrientationLandscapeLeft UIInterfaceOrientationLandscapeRight";
				INFOPLIST_KEY_UISupportedInterfaceOrientations_iPhone = "UIInterfaceOrientationPortrait UIInterfaceOrientationLandscapeLeft UIInterfaceOrientationLandscapeRight";
				LD_RUNPATH_SEARCH_PATHS = (
					"$(inherited)",
					"@executable_path/Frameworks",
				);
				MARKETING_VERSION = 1.0;
				PRODUCT_BUNDLE_IDENTIFIER = com.dikhtia.DiyaClone;
				PRODUCT_NAME = "$(TARGET_NAME)";
				SWIFT_EMIT_LOC_STRINGS = YES;
				SWIFT_VERSION = 5.0;
				TARGETED_DEVICE_FAMILY = "1,2";
			};
			name = Debug;
		};
		31E6E4D42BA8582F00389055 /* Release */ = {
			isa = XCBuildConfiguration;
			buildSettings = {
				ASSETCATALOG_COMPILER_APPICON_NAME = AppIcon;
				ASSETCATALOG_COMPILER_GLOBAL_ACCENT_COLOR_NAME = AccentColor;
				CODE_SIGN_STYLE = Automatic;
				CURRENT_PROJECT_VERSION = 1;
				DEVELOPMENT_ASSET_PATHS = "\"DiyaClone/Preview Content\"";
				DEVELOPMENT_TEAM = H9TD9ZY99U;
				ENABLE_PREVIEWS = YES;
				GENERATE_INFOPLIST_FILE = YES;
				INFOPLIST_KEY_UIApplicationSceneManifest_Generation = YES;
				INFOPLIST_KEY_UIApplicationSupportsIndirectInputEvents = YES;
				INFOPLIST_KEY_UILaunchScreen_Generation = YES;
				INFOPLIST_KEY_UISupportedInterfaceOrientations_iPad = "UIInterfaceOrientationPortrait UIInterfaceOrientationPortraitUpsideDown UIInterfaceOrientationLandscapeLeft UIInterfaceOrientationLandscapeRight";
				INFOPLIST_KEY_UISupportedInterfaceOrientations_iPhone = "UIInterfaceOrientationPortrait UIInterfaceOrientationLandscapeLeft UIInterfaceOrientationLandscapeRight";
				LD_RUNPATH_SEARCH_PATHS = (
					"$(inherited)",
					"@executable_path/Frameworks",
				);
				MARKETING_VERSION = 1.0;
				PRODUCT_BUNDLE_IDENTIFIER = com.dikhtia.DiyaClone;
				PRODUCT_NAME = "$(TARGET_NAME)";
				SWIFT_EMIT_LOC_STRINGS = YES;
				SWIFT_VERSION = 5.0;
				TARGETED_DEVICE_FAMILY = "1,2";
			};
			name = Release;
		};
/* End XCBuildConfiguration section */

/* Begin XCConfigurationList section */
		31E6E4BF2BA8582E00389055 /* Build configuration list for PBXProject "DiyaClone" */ = {
			isa = XCConfigurationList;
			buildConfigurations = (
				31E6E4D02BA8582F00389055 /* Debug */,
				31E6E4D12BA8582F00389055 /* Release */,
			);
			defaultConfigurationIsVisible = 0;
			defaultConfigurationName = Release;
		};
		31E6E4D22BA8582F00389055 /* Build configuration list for PBXNativeTarget "DiyaClone" */ = {
			isa = XCConfigurationList;
			buildConfigurations = (
				31E6E4D32BA8582F00389055 /* Debug */,
				31E6E4D42BA8582F00389055 /* Release */,
			);
			defaultConfigurationIsVisible = 0;
			defaultConfigurationName = Release;
		};
/* End XCConfigurationList section */
	};
	rootObject = 31E6E4BC2BA8582E00389055 /* Project object */;
}
